
Microsoft Visual Studio Solution File, Format Version 12.00
# Visual Studio Version 17
VisualStudioVersion = 17.8.34004.107
MinimumVisualStudioVersion = 10.0.40219.1
Project("{9A19103F-16F7-4668-BE54-9A1E7A4F7556}") = "SportsApp.Web", "SportsApp.Web\SportsApp.Web.csproj", "{650D7ECD-0508-4950-835F-4543619C7805}"
EndProject
Project("{2150E333-8FDC-42A3-9474-1A3956D46DE8}") = "src", "src", "{207D30B2-3178-4DE8-9D2A-A803EA0AE636}"
EndProject
Project("{2150E333-8FDC-42A3-9474-1A3956D46DE8}") = "tests", "tests", "{86AB9938-9203-45AA-AAC9-42E2F368BD63}"
EndProject
Project("{9A19103F-16F7-4668-BE54-9A1E7A4F7556}") = "SportsApp.Core", "SportsApp.Core\SportsApp.Core.csproj", "{796EB59C-5229-46A8-A22A-D6B1CF21C090}"
EndProject
Project("{9A19103F-16F7-4668-BE54-9A1E7A4F7556}") = "SportsApp.Infrastructure", "SportsApp.Infrastructure\SportsApp.Infrastructure.csproj", "{766865A5-0540-4B41-8EE2-D66FFC08AFA8}"
EndProject
Project("{FAE04EC0-301F-11D3-BF4B-00C04F79EFBC}") = "SportsApp.ServiceTests", "SportsApp.ServiceTests\SportsApp.ServiceTests.csproj", "{88C9CE9C-A75A-4A1D-AA9C-C036F3791E16}"
EndProject
Project("{FAE04EC0-301F-11D3-BF4B-00C04F79EFBC}") = "SportsApp.ContollerTests", "SportsApp.ContollerTests\SportsApp.ContollerTests.csproj", "{6B12C7B4-4F31-4F3A-A643-EE0F03CD0B13}"
EndProject
Project("{FAE04EC0-301F-11D3-BF4B-00C04F79EFBC}") = "SportsApp.IntegrationTests", "SportsApp.IntegrationTests\SportsApp.IntegrationTests.csproj", "{48E34495-ABA1-45C7-AD3A-C398967AD244}"
EndProject
Global
	GlobalSection(SolutionConfigurationPlatforms) = preSolution
		Debug|Any CPU = Debug|Any CPU
		Release|Any CPU = Release|Any CPU
	EndGlobalSection
	GlobalSection(ProjectConfigurationPlatforms) = postSolution
		{650D7ECD-0508-4950-835F-4543619C7805}.Debug|Any CPU.ActiveCfg = Debug|Any CPU
		{650D7ECD-0508-4950-835F-4543619C7805}.Debug|Any CPU.Build.0 = Debug|Any CPU
		{650D7ECD-0508-4950-835F-4543619C7805}.Release|Any CPU.ActiveCfg = Release|Any CPU
		{650D7ECD-0508-4950-835F-4543619C7805}.Release|Any CPU.Build.0 = Release|Any CPU
		{796EB59C-5229-46A8-A22A-D6B1CF21C090}.Debug|Any CPU.ActiveCfg = Debug|Any CPU
		{796EB59C-5229-46A8-A22A-D6B1CF21C090}.Debug|Any CPU.Build.0 = Debug|Any CPU
		{796EB59C-5229-46A8-A22A-D6B1CF21C090}.Release|Any CPU.ActiveCfg = Release|Any CPU
		{796EB59C-5229-46A8-A22A-D6B1CF21C090}.Release|Any CPU.Build.0 = Release|Any CPU
		{766865A5-0540-4B41-8EE2-D66FFC08AFA8}.Debug|Any CPU.ActiveCfg = Debug|Any CPU
		{766865A5-0540-4B41-8EE2-D66FFC08AFA8}.Debug|Any CPU.Build.0 = Debug|Any CPU
		{766865A5-0540-4B41-8EE2-D66FFC08AFA8}.Release|Any CPU.ActiveCfg = Release|Any CPU
		{766865A5-0540-4B41-8EE2-D66FFC08AFA8}.Release|Any CPU.Build.0 = Release|Any CPU
		{88C9CE9C-A75A-4A1D-AA9C-C036F3791E16}.Debug|Any CPU.ActiveCfg = Debug|Any CPU
		{88C9CE9C-A75A-4A1D-AA9C-C036F3791E16}.Debug|Any CPU.Build.0 = Debug|Any CPU
		{88C9CE9C-A75A-4A1D-AA9C-C036F3791E16}.Release|Any CPU.ActiveCfg = Release|Any CPU
		{88C9CE9C-A75A-4A1D-AA9C-C036F3791E16}.Release|Any CPU.Build.0 = Release|Any CPU
		{6B12C7B4-4F31-4F3A-A643-EE0F03CD0B13}.Debug|Any CPU.ActiveCfg = Debug|Any CPU
		{6B12C7B4-4F31-4F3A-A643-EE0F03CD0B13}.Debug|Any CPU.Build.0 = Debug|Any CPU
		{6B12C7B4-4F31-4F3A-A643-EE0F03CD0B13}.Release|Any CPU.ActiveCfg = Release|Any CPU
		{6B12C7B4-4F31-4F3A-A643-EE0F03CD0B13}.Release|Any CPU.Build.0 = Release|Any CPU
		{48E34495-ABA1-45C7-AD3A-C398967AD244}.Debug|Any CPU.ActiveCfg = Debug|Any CPU
		{48E34495-ABA1-45C7-AD3A-C398967AD244}.Debug|Any CPU.Build.0 = Debug|Any CPU
		{48E34495-ABA1-45C7-AD3A-C398967AD244}.Release|Any CPU.ActiveCfg = Release|Any CPU
		{48E34495-ABA1-45C7-AD3A-C398967AD244}.Release|Any CPU.Build.0 = Release|Any CPU
	EndGlobalSection
	GlobalSection(SolutionProperties) = preSolution
		HideSolutionNode = FALSE
	EndGlobalSection
	GlobalSection(NestedProjects) = preSolution
		{650D7ECD-0508-4950-835F-4543619C7805} = {207D30B2-3178-4DE8-9D2A-A803EA0AE636}
		{796EB59C-5229-46A8-A22A-D6B1CF21C090} = {207D30B2-3178-4DE8-9D2A-A803EA0AE636}
		{766865A5-0540-4B41-8EE2-D66FFC08AFA8} = {207D30B2-3178-4DE8-9D2A-A803EA0AE636}
		{88C9CE9C-A75A-4A1D-AA9C-C036F3791E16} = {86AB9938-9203-45AA-AAC9-42E2F368BD63}
		{6B12C7B4-4F31-4F3A-A643-EE0F03CD0B13} = {86AB9938-9203-45AA-AAC9-42E2F368BD63}
		{48E34495-ABA1-45C7-AD3A-C398967AD244} = {86AB9938-9203-45AA-AAC9-42E2F368BD63}
	EndGlobalSection
	GlobalSection(ExtensibilityGlobals) = postSolution
		SolutionGuid = {169835F5-DBB7-4655-9D52-8E4DA9267E2A}
	EndGlobalSection
EndGlobal
